
Microsoft Visual Studio Solution File, Format Version 12.00
# Visual Studio Version 17
VisualStudioVersion = 17.2.32602.215
MinimumVisualStudioVersion = 10.0.40219.1
Project("{9A19103F-16F7-4668-BE54-9A1E7A4F7556}") = "ClassGenerator", "ClassGenerator.csproj", "{049ADB55-D7EE-4A03-BD77-51E6386629C6}"
EndProject
Global
	GlobalSection(SolutionConfigurationPlatforms) = preSolution
		Debug|Any CPU = Debug|Any CPU
		Release|Any CPU = Release|Any CPU
	EndGlobalSection
	GlobalSection(ProjectConfigurationPlatforms) = postSolution
		{049ADB55-D7EE-4A03-BD77-51E6386629C6}.Debug|Any CPU.ActiveCfg = Debug|Any CPU
		{049ADB55-D7EE-4A03-BD77-51E6386629C6}.Debug|Any CPU.Build.0 = Debug|Any CPU
		{049ADB55-D7EE-4A03-BD77-51E6386629C6}.Release|Any CPU.ActiveCfg = Release|Any CPU
		{049ADB55-D7EE-4A03-BD77-51E6386629C6}.Release|Any CPU.Build.0 = Release|Any CPU
	EndGlobalSection
	GlobalSection(SolutionProperties) = preSolution
		HideSolutionNode = FALSE
	EndGlobalSection
	GlobalSection(ExtensibilityGlobals) = postSolution
		SolutionGuid = {CA257379-368C-46E0-95D9-73C2E5FDC7F9}
	EndGlobalSection
EndGlobal
